
Microsoft Visual Studio Solution File, Format Version 12.00
# Visual Studio 2013
VisualStudioVersion = 12.0.31101.0
MinimumVisualStudioVersion = 10.0.40219.1
Project("{FAE04EC0-301F-11D3-BF4B-00C04F79EFBC}") = "02. ListDuplicatingFiles", "02. ListDuplicatingFiles\02. ListDuplicatingFiles.csproj", "{9A74CB1D-C14B-49FD-87FA-1928E5DE67ED}"
EndProject
Project("{FAE04EC0-301F-11D3-BF4B-00C04F79EFBC}") = "03. SubstringAlphabet", "03. SubstringAlphabet\03. SubstringAlphabet.csproj", "{754E5D28-5507-4742-B6BE-BF0AC46FB0DD}"
EndProject
Project("{FAE04EC0-301F-11D3-BF4B-00C04F79EFBC}") = "01. PrimesInInterval", "01. PrimesInInterval\01. PrimesInInterval.csproj", "{E1375460-410E-48DE-8A29-0CC4575995FD}"
EndProject
Project("{FAE04EC0-301F-11D3-BF4B-00C04F79EFBC}") = "04. GrayscaleImage", "04. GrayscaleImage\04. GrayscaleImage.csproj", "{C99C0AD3-958E-4583-B824-4B59F392D63B}"
EndProject
Global
	GlobalSection(SolutionConfigurationPlatforms) = preSolution
		Debug|Any CPU = Debug|Any CPU
		Release|Any CPU = Release|Any CPU
	EndGlobalSection
	GlobalSection(ProjectConfigurationPlatforms) = postSolution
		{9A74CB1D-C14B-49FD-87FA-1928E5DE67ED}.Debug|Any CPU.ActiveCfg = Debug|Any CPU
		{9A74CB1D-C14B-49FD-87FA-1928E5DE67ED}.Debug|Any CPU.Build.0 = Debug|Any CPU
		{9A74CB1D-C14B-49FD-87FA-1928E5DE67ED}.Release|Any CPU.ActiveCfg = Release|Any CPU
		{9A74CB1D-C14B-49FD-87FA-1928E5DE67ED}.Release|Any CPU.Build.0 = Release|Any CPU
		{754E5D28-5507-4742-B6BE-BF0AC46FB0DD}.Debug|Any CPU.ActiveCfg = Debug|Any CPU
		{754E5D28-5507-4742-B6BE-BF0AC46FB0DD}.Debug|Any CPU.Build.0 = Debug|Any CPU
		{754E5D28-5507-4742-B6BE-BF0AC46FB0DD}.Release|Any CPU.ActiveCfg = Release|Any CPU
		{754E5D28-5507-4742-B6BE-BF0AC46FB0DD}.Release|Any CPU.Build.0 = Release|Any CPU
		{E1375460-410E-48DE-8A29-0CC4575995FD}.Debug|Any CPU.ActiveCfg = Debug|Any CPU
		{E1375460-410E-48DE-8A29-0CC4575995FD}.Debug|Any CPU.Build.0 = Debug|Any CPU
		{E1375460-410E-48DE-8A29-0CC4575995FD}.Release|Any CPU.ActiveCfg = Release|Any CPU
		{E1375460-410E-48DE-8A29-0CC4575995FD}.Release|Any CPU.Build.0 = Release|Any CPU
		{C99C0AD3-958E-4583-B824-4B59F392D63B}.Debug|Any CPU.ActiveCfg = Debug|Any CPU
		{C99C0AD3-958E-4583-B824-4B59F392D63B}.Debug|Any CPU.Build.0 = Debug|Any CPU
		{C99C0AD3-958E-4583-B824-4B59F392D63B}.Release|Any CPU.ActiveCfg = Release|Any CPU
		{C99C0AD3-958E-4583-B824-4B59F392D63B}.Release|Any CPU.Build.0 = Release|Any CPU
	EndGlobalSection
	GlobalSection(SolutionProperties) = preSolution
		HideSolutionNode = FALSE
	EndGlobalSection
EndGlobal
